
Microsoft Visual Studio Solution File, Format Version 12.00
# Visual Studio Version 17
VisualStudioVersion = 17.3.32825.248
MinimumVisualStudioVersion = 10.0.40219.1
Project("{9A19103F-16F7-4668-BE54-9A1E7A4F7556}") = "IPGeoFencing", "IPGeoFencing\IPGeoFencing.csproj", "{00BE65F8-BEE3-432F-A7F3-10E9E9A8796C}"
EndProject
Project("{9A19103F-16F7-4668-BE54-9A1E7A4F7556}") = "IPGeoFencingDemo", "IPGeoFencingDemo\IPGeoFencingDemo.csproj", "{943BC7AB-81FC-45CA-98F7-5D88E98F6D0B}"
EndProject
Project("{2150E333-8FDC-42A3-9474-1A3956D46DE8}") = "Data", "Data", "{D21D20E3-BD80-43EA-B36C-1BC35B70A811}"
	ProjectSection(SolutionItems) = preProject
		Data\demo.geojson = Data\demo.geojson
		Data\georef-world-country-millesime.geojson = Data\georef-world-country-millesime.geojson
		Data\georef-world-country.geojson = Data\georef-world-country.geojson
		Data\IP2LOCATION-LITE-DB11.zip = Data\IP2LOCATION-LITE-DB11.zip
		Data\us-state-boundaries.geojson = Data\us-state-boundaries.geojson
	EndProjectSection
EndProject
Project("{2150E333-8FDC-42A3-9474-1A3956D46DE8}") = "Tests", "Tests", "{35E480A9-FD72-4C9B-886E-254CBF0ED210}"
EndProject
Project("{9A19103F-16F7-4668-BE54-9A1E7A4F7556}") = "IPGeoFencing.IntegrationTests", "Tests\IPGeoFencing.IntegrationTests\IPGeoFencing.IntegrationTests.csproj", "{0FEF719F-EE5F-428E-889C-00FE5EA57211}"
EndProject
Project("{9A19103F-16F7-4668-BE54-9A1E7A4F7556}") = "IPGeoFencing.UnitTests", "Tests\IPGeoFencing.UnitTests\IPGeoFencing.UnitTests.csproj", "{8399F108-29EB-4D34-AACC-074E993606EE}"
EndProject
Global
	GlobalSection(SolutionConfigurationPlatforms) = preSolution
		Debug|Any CPU = Debug|Any CPU
		Release|Any CPU = Release|Any CPU
	EndGlobalSection
	GlobalSection(ProjectConfigurationPlatforms) = postSolution
		{00BE65F8-BEE3-432F-A7F3-10E9E9A8796C}.Debug|Any CPU.ActiveCfg = Debug|Any CPU
		{00BE65F8-BEE3-432F-A7F3-10E9E9A8796C}.Debug|Any CPU.Build.0 = Debug|Any CPU
		{00BE65F8-BEE3-432F-A7F3-10E9E9A8796C}.Release|Any CPU.ActiveCfg = Release|Any CPU
		{00BE65F8-BEE3-432F-A7F3-10E9E9A8796C}.Release|Any CPU.Build.0 = Release|Any CPU
		{943BC7AB-81FC-45CA-98F7-5D88E98F6D0B}.Debug|Any CPU.ActiveCfg = Debug|Any CPU
		{943BC7AB-81FC-45CA-98F7-5D88E98F6D0B}.Debug|Any CPU.Build.0 = Debug|Any CPU
		{943BC7AB-81FC-45CA-98F7-5D88E98F6D0B}.Release|Any CPU.ActiveCfg = Release|Any CPU
		{943BC7AB-81FC-45CA-98F7-5D88E98F6D0B}.Release|Any CPU.Build.0 = Release|Any CPU
		{0FEF719F-EE5F-428E-889C-00FE5EA57211}.Debug|Any CPU.ActiveCfg = Debug|Any CPU
		{0FEF719F-EE5F-428E-889C-00FE5EA57211}.Debug|Any CPU.Build.0 = Debug|Any CPU
		{0FEF719F-EE5F-428E-889C-00FE5EA57211}.Release|Any CPU.ActiveCfg = Release|Any CPU
		{0FEF719F-EE5F-428E-889C-00FE5EA57211}.Release|Any CPU.Build.0 = Release|Any CPU
		{8399F108-29EB-4D34-AACC-074E993606EE}.Debug|Any CPU.ActiveCfg = Debug|Any CPU
		{8399F108-29EB-4D34-AACC-074E993606EE}.Debug|Any CPU.Build.0 = Debug|Any CPU
		{8399F108-29EB-4D34-AACC-074E993606EE}.Release|Any CPU.ActiveCfg = Release|Any CPU
		{8399F108-29EB-4D34-AACC-074E993606EE}.Release|Any CPU.Build.0 = Release|Any CPU
	EndGlobalSection
	GlobalSection(SolutionProperties) = preSolution
		HideSolutionNode = FALSE
	EndGlobalSection
	GlobalSection(NestedProjects) = preSolution
		{0FEF719F-EE5F-428E-889C-00FE5EA57211} = {35E480A9-FD72-4C9B-886E-254CBF0ED210}
		{8399F108-29EB-4D34-AACC-074E993606EE} = {35E480A9-FD72-4C9B-886E-254CBF0ED210}
	EndGlobalSection
	GlobalSection(ExtensibilityGlobals) = postSolution
		SolutionGuid = {BD637AF4-ED20-4643-8975-354690001EC3}
	EndGlobalSection
EndGlobal
